
Microsoft Visual Studio Solution File, Format Version 12.00
# Visual Studio 15
VisualStudioVersion = 15.0.27130.2010
MinimumVisualStudioVersion = 10.0.40219.1
Project("{FAE04EC0-301F-11D3-BF4B-00C04F79EFBC}") = "ManagementSystem.Web", "ManagementSystem.Web\ManagementSystem.Web.csproj", "{DA7AB2CD-0943-4019-9437-0E78F5383AB7}"
EndProject
Global
	GlobalSection(SolutionConfigurationPlatforms) = preSolution
		Debug|Any CPU = Debug|Any CPU
		Release|Any CPU = Release|Any CPU
	EndGlobalSection
	GlobalSection(ProjectConfigurationPlatforms) = postSolution
		{DA7AB2CD-0943-4019-9437-0E78F5383AB7}.Debug|Any CPU.ActiveCfg = Debug|Any CPU
		{DA7AB2CD-0943-4019-9437-0E78F5383AB7}.Debug|Any CPU.Build.0 = Debug|Any CPU
		{DA7AB2CD-0943-4019-9437-0E78F5383AB7}.Release|Any CPU.ActiveCfg = Release|Any CPU
		{DA7AB2CD-0943-4019-9437-0E78F5383AB7}.Release|Any CPU.Build.0 = Release|Any CPU
	EndGlobalSection
	GlobalSection(SolutionProperties) = preSolution
		HideSolutionNode = FALSE
	EndGlobalSection
	GlobalSection(ExtensibilityGlobals) = postSolution
		SolutionGuid = {680919E0-2E58-4E59-825F-6341DC07D65B}
	EndGlobalSection
EndGlobal
